
Microsoft Visual Studio Solution File, Format Version 12.00
# Visual Studio Version 17
VisualStudioVersion = 17.1.31911.260
MinimumVisualStudioVersion = 10.0.40219.1
Project("{FAE04EC0-301F-11D3-BF4B-00C04F79EFBC}") = "WebAppSignalr", "WebAppSignalr\WebAppSignalr.csproj", "{498CBC4F-BBD0-4F60-83FA-F048CA5DE0CE}"
EndProject
Global
	GlobalSection(SolutionConfigurationPlatforms) = preSolution
		Debug|Any CPU = Debug|Any CPU
		Release|Any CPU = Release|Any CPU
	EndGlobalSection
	GlobalSection(ProjectConfigurationPlatforms) = postSolution
		{498CBC4F-BBD0-4F60-83FA-F048CA5DE0CE}.Debug|Any CPU.ActiveCfg = Debug|Any CPU
		{498CBC4F-BBD0-4F60-83FA-F048CA5DE0CE}.Debug|Any CPU.Build.0 = Debug|Any CPU
		{498CBC4F-BBD0-4F60-83FA-F048CA5DE0CE}.Release|Any CPU.ActiveCfg = Release|Any CPU
		{498CBC4F-BBD0-4F60-83FA-F048CA5DE0CE}.Release|Any CPU.Build.0 = Release|Any CPU
	EndGlobalSection
	GlobalSection(SolutionProperties) = preSolution
		HideSolutionNode = FALSE
	EndGlobalSection
	GlobalSection(ExtensibilityGlobals) = postSolution
		SolutionGuid = {9F0E1A04-8CB8-47A1-972A-76373E3EA182}
	EndGlobalSection
EndGlobal
